
Microsoft Visual Studio Solution File, Format Version 12.00
# Visual Studio Version 16
VisualStudioVersion = 16.0.30523.141
MinimumVisualStudioVersion = 10.0.40219.1
Project("{FAE04EC0-301F-11D3-BF4B-00C04F79EFBC}") = "RecetteDuJour", "RecetteDuJour\RecetteDuJour.csproj", "{AEBA6130-4D6D-42DF-8671-13A855D5666B}"
EndProject
Project("{2150E333-8FDC-42A3-9474-1A3956D46DE8}") = "Solution Items", "Solution Items", "{2D56E798-B02A-47A2-9493-6926E0B4E17D}"
	ProjectSection(SolutionItems) = preProject
		Documents\cahier des charges.docx = Documents\cahier des charges.docx
		Documents\kaikai.sql = Documents\kaikai.sql
	EndProjectSection
EndProject
Global
	GlobalSection(SolutionConfigurationPlatforms) = preSolution
		Debug|Any CPU = Debug|Any CPU
		Release|Any CPU = Release|Any CPU
	EndGlobalSection
	GlobalSection(ProjectConfigurationPlatforms) = postSolution
		{AEBA6130-4D6D-42DF-8671-13A855D5666B}.Debug|Any CPU.ActiveCfg = Debug|Any CPU
		{AEBA6130-4D6D-42DF-8671-13A855D5666B}.Debug|Any CPU.Build.0 = Debug|Any CPU
		{AEBA6130-4D6D-42DF-8671-13A855D5666B}.Release|Any CPU.ActiveCfg = Release|Any CPU
		{AEBA6130-4D6D-42DF-8671-13A855D5666B}.Release|Any CPU.Build.0 = Release|Any CPU
	EndGlobalSection
	GlobalSection(SolutionProperties) = preSolution
		HideSolutionNode = FALSE
	EndGlobalSection
	GlobalSection(ExtensibilityGlobals) = postSolution
		SolutionGuid = {F9573D37-191B-48AC-A5D0-46AFB0BC0991}
	EndGlobalSection
EndGlobal
